
Microsoft Visual Studio Solution File, Format Version 12.00
# Visual Studio Version 16
VisualStudioVersion = 16.0.32407.337
MinimumVisualStudioVersion = 10.0.40219.1
Project("{FAE04EC0-301F-11D3-BF4B-00C04F79EFBC}") = "WPF MVVM Devexpress tutorial", "WPF MVVM Devexpress tutorial\WPF MVVM Devexpress tutorial.csproj", "{7106D7FA-0B0E-4D77-87FC-AB74321040FF}"
EndProject
Global
	GlobalSection(SolutionConfigurationPlatforms) = preSolution
		Debug|Any CPU = Debug|Any CPU
		Release|Any CPU = Release|Any CPU
	EndGlobalSection
	GlobalSection(ProjectConfigurationPlatforms) = postSolution
		{7106D7FA-0B0E-4D77-87FC-AB74321040FF}.Debug|Any CPU.ActiveCfg = Debug|Any CPU
		{7106D7FA-0B0E-4D77-87FC-AB74321040FF}.Debug|Any CPU.Build.0 = Debug|Any CPU
		{7106D7FA-0B0E-4D77-87FC-AB74321040FF}.Release|Any CPU.ActiveCfg = Release|Any CPU
		{7106D7FA-0B0E-4D77-87FC-AB74321040FF}.Release|Any CPU.Build.0 = Release|Any CPU
	EndGlobalSection
	GlobalSection(SolutionProperties) = preSolution
		HideSolutionNode = FALSE
	EndGlobalSection
	GlobalSection(ExtensibilityGlobals) = postSolution
		SolutionGuid = {2CFE1AFD-5538-4B5A-825F-651E9CAB212F}
	EndGlobalSection
EndGlobal
